// !$*UTF8*$!
{
	archiveVersion = 1;
	classes = {
	};
	objectVersion = 56;
	objects = {

/* Begin PBXBuildFile section */
		2E0D00762907F8B30028A4EE /* CollectionViewTableViewCell.swift in Sources */ = {isa = PBXBuildFile; fileRef = 2E0D00752907F8B30028A4EE /* CollectionViewTableViewCell.swift */; };
		2E0D00782908018D0028A4EE /* HeroHeaderUIView.swift in Sources */ = {isa = PBXBuildFile; fileRef = 2E0D00772908018D0028A4EE /* HeroHeaderUIView.swift */; };
		2E2CBC4D2907ED91008A8204 /* AppDelegate.swift in Sources */ = {isa = PBXBuildFile; fileRef = 2E2CBC4C2907ED91008A8204 /* AppDelegate.swift */; };
		2E2CBC4F2907ED91008A8204 /* SceneDelegate.swift in Sources */ = {isa = PBXBuildFile; fileRef = 2E2CBC4E2907ED91008A8204 /* SceneDelegate.swift */; };
		2E2CBC562907ED93008A8204 /* Assets.xcassets in Resources */ = {isa = PBXBuildFile; fileRef = 2E2CBC552907ED93008A8204 /* Assets.xcassets */; };
		2E2CBC592907ED93008A8204 /* LaunchScreen.storyboard in Resources */ = {isa = PBXBuildFile; fileRef = 2E2CBC572907ED93008A8204 /* LaunchScreen.storyboard */; };
		2E2CBC682907F0B7008A8204 /* MainTabBarViewController.swift in Sources */ = {isa = PBXBuildFile; fileRef = 2E2CBC672907F0B7008A8204 /* MainTabBarViewController.swift */; };
		2E2CBC6A2907F120008A8204 /* HomeViewController.swift in Sources */ = {isa = PBXBuildFile; fileRef = 2E2CBC692907F120008A8204 /* HomeViewController.swift */; };
		2E2CBC6C2907F133008A8204 /* UpcomingViewController.swift in Sources */ = {isa = PBXBuildFile; fileRef = 2E2CBC6B2907F133008A8204 /* UpcomingViewController.swift */; };
		2E2CBC6E2907F14E008A8204 /* SearchViewController.swift in Sources */ = {isa = PBXBuildFile; fileRef = 2E2CBC6D2907F14E008A8204 /* SearchViewController.swift */; };
		2E2CBC702907F16B008A8204 /* DownloadsViewController.swift in Sources */ = {isa = PBXBuildFile; fileRef = 2E2CBC6F2907F16B008A8204 /* DownloadsViewController.swift */; };
		2E647C702911177A008D35DB /* TitleTableViewCell.swift in Sources */ = {isa = PBXBuildFile; fileRef = 2E647C6F2911177A008D35DB /* TitleTableViewCell.swift */; };
		2E647C7229111A8D008D35DB /* ShowViewModel.swift in Sources */ = {isa = PBXBuildFile; fileRef = 2E647C7129111A8D008D35DB /* ShowViewModel.swift */; };
		2E647C7429112E9B008D35DB /* SearchResultsViewController.swift in Sources */ = {isa = PBXBuildFile; fileRef = 2E647C7329112E9B008D35DB /* SearchResultsViewController.swift */; };
		2E647C78291148A8008D35DB /* YoutubeSearchResponse.swift in Sources */ = {isa = PBXBuildFile; fileRef = 2E647C77291148A8008D35DB /* YoutubeSearchResponse.swift */; };
		2EADBE9E290816A00071CD53 /* UIImage.swift in Sources */ = {isa = PBXBuildFile; fileRef = 2EADBE9D290816A00071CD53 /* UIImage.swift */; };
		2EADBEA029082CD20071CD53 /* APICaller.swift in Sources */ = {isa = PBXBuildFile; fileRef = 2EADBE9F29082CD20071CD53 /* APICaller.swift */; };
		2EB0487529085E8B007C4C5F /* Constants.swift in Sources */ = {isa = PBXBuildFile; fileRef = 2EB0487429085E8B007C4C5F /* Constants.swift */; };
		2EB048792908640A007C4C5F /* Show.swift in Sources */ = {isa = PBXBuildFile; fileRef = 2EB048782908640A007C4C5F /* Show.swift */; };
		2ED1C8D029091FBE00409751 /* ShowCollectionViewCell.swift in Sources */ = {isa = PBXBuildFile; fileRef = 2ED1C8CF29091FBE00409751 /* ShowCollectionViewCell.swift */; };
		2ED1C8D32909235C00409751 /* SDWebImage in Frameworks */ = {isa = PBXBuildFile; productRef = 2ED1C8D22909235C00409751 /* SDWebImage */; };
		2ED1C8D52909235C00409751 /* SDWebImageMapKit in Frameworks */ = {isa = PBXBuildFile; productRef = 2ED1C8D42909235C00409751 /* SDWebImageMapKit */; };
		2EE4C6422908371000998BC8 /* String.swift in Sources */ = {isa = PBXBuildFile; fileRef = 2EE4C6412908371000998BC8 /* String.swift */; };
/* End PBXBuildFile section */

/* Begin PBXFileReference section */
		2E0D00752907F8B30028A4EE /* CollectionViewTableViewCell.swift */ = {isa = PBXFileReference; lastKnownFileType = sourcecode.swift; path = CollectionViewTableViewCell.swift; sourceTree = "<group>"; };
		2E0D00772908018D0028A4EE /* HeroHeaderUIView.swift */ = {isa = PBXFileReference; lastKnownFileType = sourcecode.swift; path = HeroHeaderUIView.swift; sourceTree = "<group>"; };
		2E2CBC492907ED91008A8204 /* Netflix_Clone.app */ = {isa = PBXFileReference; explicitFileType = wrapper.application; includeInIndex = 0; path = Netflix_Clone.app; sourceTree = BUILT_PRODUCTS_DIR; };
		2E2CBC4C2907ED91008A8204 /* AppDelegate.swift */ = {isa = PBXFileReference; lastKnownFileType = sourcecode.swift; path = AppDelegate.swift; sourceTree = "<group>"; };
		2E2CBC4E2907ED91008A8204 /* SceneDelegate.swift */ = {isa = PBXFileReference; lastKnownFileType = sourcecode.swift; path = SceneDelegate.swift; sourceTree = "<group>"; };
		2E2CBC552907ED93008A8204 /* Assets.xcassets */ = {isa = PBXFileReference; lastKnownFileType = folder.assetcatalog; path = Assets.xcassets; sourceTree = "<group>"; };
		2E2CBC582907ED93008A8204 /* Base */ = {isa = PBXFileReference; lastKnownFileType = file.storyboard; name = Base; path = Base.lproj/LaunchScreen.storyboard; sourceTree = "<group>"; };
		2E2CBC5A2907ED93008A8204 /* Info.plist */ = {isa = PBXFileReference; lastKnownFileType = text.plist.xml; path = Info.plist; sourceTree = "<group>"; };
		2E2CBC672907F0B7008A8204 /* MainTabBarViewController.swift */ = {isa = PBXFileReference; lastKnownFileType = sourcecode.swift; path = MainTabBarViewController.swift; sourceTree = "<group>"; };
		2E2CBC692907F120008A8204 /* HomeViewController.swift */ = {isa = PBXFileReference; lastKnownFileType = sourcecode.swift; path = HomeViewController.swift; sourceTree = "<group>"; };
		2E2CBC6B2907F133008A8204 /* UpcomingViewController.swift */ = {isa = PBXFileReference; lastKnownFileType = sourcecode.swift; path = UpcomingViewController.swift; sourceTree = "<group>"; };
		2E2CBC6D2907F14E008A8204 /* SearchViewController.swift */ = {isa = PBXFileReference; lastKnownFileType = sourcecode.swift; path = SearchViewController.swift; sourceTree = "<group>"; };
		2E2CBC6F2907F16B008A8204 /* DownloadsViewController.swift */ = {isa = PBXFileReference; lastKnownFileType = sourcecode.swift; path = DownloadsViewController.swift; sourceTree = "<group>"; };
		2E647C6F2911177A008D35DB /* TitleTableViewCell.swift */ = {isa = PBXFileReference; lastKnownFileType = sourcecode.swift; path = TitleTableViewCell.swift; sourceTree = "<group>"; };
		2E647C7129111A8D008D35DB /* ShowViewModel.swift */ = {isa = PBXFileReference; lastKnownFileType = sourcecode.swift; path = ShowViewModel.swift; sourceTree = "<group>"; };
		2E647C7329112E9B008D35DB /* SearchResultsViewController.swift */ = {isa = PBXFileReference; lastKnownFileType = sourcecode.swift; path = SearchResultsViewController.swift; sourceTree = "<group>"; };
		2E647C77291148A8008D35DB /* YoutubeSearchResponse.swift */ = {isa = PBXFileReference; lastKnownFileType = sourcecode.swift; path = YoutubeSearchResponse.swift; sourceTree = "<group>"; };
		2EADBE9D290816A00071CD53 /* UIImage.swift */ = {isa = PBXFileReference; lastKnownFileType = sourcecode.swift; path = UIImage.swift; sourceTree = "<group>"; };
		2EADBE9F29082CD20071CD53 /* APICaller.swift */ = {isa = PBXFileReference; lastKnownFileType = sourcecode.swift; path = APICaller.swift; sourceTree = "<group>"; };
		2EB0487429085E8B007C4C5F /* Constants.swift */ = {isa = PBXFileReference; lastKnownFileType = sourcecode.swift; path = Constants.swift; sourceTree = SOURCE_ROOT; };
		2EB048782908640A007C4C5F /* Show.swift */ = {isa = PBXFileReference; lastKnownFileType = sourcecode.swift; path = Show.swift; sourceTree = "<group>"; };
		2ED1C8CF29091FBE00409751 /* ShowCollectionViewCell.swift */ = {isa = PBXFileReference; lastKnownFileType = sourcecode.swift; path = ShowCollectionViewCell.swift; sourceTree = "<group>"; };
		2EE4C6412908371000998BC8 /* String.swift */ = {isa = PBXFileReference; lastKnownFileType = sourcecode.swift; path = String.swift; sourceTree = "<group>"; };
/* End PBXFileReference section */

/* Begin PBXFrameworksBuildPhase section */
		2E2CBC462907ED91008A8204 /* Frameworks */ = {
			isa = PBXFrameworksBuildPhase;
			buildActionMask = 2147483647;
			files = (
				2ED1C8D52909235C00409751 /* SDWebImageMapKit in Frameworks */,
				2ED1C8D32909235C00409751 /* SDWebImage in Frameworks */,
			);
			runOnlyForDeploymentPostprocessing = 0;
		};
/* End PBXFrameworksBuildPhase section */

/* Begin PBXGroup section */
		2E0D00792908151C0028A4EE /* Extensions */ = {
			isa = PBXGroup;
			children = (
				2EADBE9D290816A00071CD53 /* UIImage.swift */,
				2EE4C6412908371000998BC8 /* String.swift */,
			);
			path = Extensions;
			sourceTree = "<group>";
		};
		2E2CBC402907ED91008A8204 = {
			isa = PBXGroup;
			children = (
				2E2CBC4B2907ED91008A8204 /* Netflix_Clone */,
				2E2CBC4A2907ED91008A8204 /* Products */,
			);
			sourceTree = "<group>";
		};
		2E2CBC4A2907ED91008A8204 /* Products */ = {
			isa = PBXGroup;
			children = (
				2E2CBC492907ED91008A8204 /* Netflix_Clone.app */,
			);
			name = Products;
			sourceTree = "<group>";
		};
		2E2CBC4B2907ED91008A8204 /* Netflix_Clone */ = {
			isa = PBXGroup;
			children = (
				2E0D00792908151C0028A4EE /* Extensions */,
				2E2CBC752907F858008A8204 /* Managers */,
				2E2CBC742907F852008A8204 /* Resources */,
				2E2CBC732907F838008A8204 /* Models */,
				2E2CBC712907F781008A8204 /* Views */,
				2E2CBC722907F78A008A8204 /* ViewModels */,
				2E2CBC622907F04D008A8204 /* Controllers */,
				2E2CBC4C2907ED91008A8204 /* AppDelegate.swift */,
				2E2CBC4E2907ED91008A8204 /* SceneDelegate.swift */,
				2E2CBC552907ED93008A8204 /* Assets.xcassets */,
				2E2CBC572907ED93008A8204 /* LaunchScreen.storyboard */,
				2E2CBC5A2907ED93008A8204 /* Info.plist */,
			);
			path = Netflix_Clone;
			sourceTree = "<group>";
		};
		2E2CBC622907F04D008A8204 /* Controllers */ = {
			isa = PBXGroup;
			children = (
				2E647C7529112EC1008D35DB /* Core */,
				2E647C7629112ED3008D35DB /* General */,
			);
			path = Controllers;
			sourceTree = "<group>";
		};
		2E2CBC712907F781008A8204 /* Views */ = {
			isa = PBXGroup;
			children = (
				2E0D00752907F8B30028A4EE /* CollectionViewTableViewCell.swift */,
				2E0D00772908018D0028A4EE /* HeroHeaderUIView.swift */,
				2ED1C8CF29091FBE00409751 /* ShowCollectionViewCell.swift */,
				2E647C6F2911177A008D35DB /* TitleTableViewCell.swift */,
			);
			path = Views;
			sourceTree = "<group>";
		};
		2E2CBC722907F78A008A8204 /* ViewModels */ = {
			isa = PBXGroup;
			children = (
				2E647C7129111A8D008D35DB /* ShowViewModel.swift */,
			);
			path = ViewModels;
			sourceTree = "<group>";
		};
		2E2CBC732907F838008A8204 /* Models */ = {
			isa = PBXGroup;
			children = (
				2EB048782908640A007C4C5F /* Show.swift */,
				2E647C77291148A8008D35DB /* YoutubeSearchResponse.swift */,
			);
			path = Models;
			sourceTree = "<group>";
		};
		2E2CBC742907F852008A8204 /* Resources */ = {
			isa = PBXGroup;
			children = (
				2EB0487429085E8B007C4C5F /* Constants.swift */,
			);
			path = Resources;
			sourceTree = "<group>";
		};
		2E2CBC752907F858008A8204 /* Managers */ = {
			isa = PBXGroup;
			children = (
				2EADBE9F29082CD20071CD53 /* APICaller.swift */,
			);
			path = Managers;
			sourceTree = "<group>";
		};
		2E647C7529112EC1008D35DB /* Core */ = {
			isa = PBXGroup;
			children = (
				2E2CBC672907F0B7008A8204 /* MainTabBarViewController.swift */,
				2E2CBC692907F120008A8204 /* HomeViewController.swift */,
				2E2CBC6B2907F133008A8204 /* UpcomingViewController.swift */,
				2E2CBC6D2907F14E008A8204 /* SearchViewController.swift */,
				2E2CBC6F2907F16B008A8204 /* DownloadsViewController.swift */,
			);
			path = Core;
			sourceTree = "<group>";
		};
		2E647C7629112ED3008D35DB /* General */ = {
			isa = PBXGroup;
			children = (
				2E647C7329112E9B008D35DB /* SearchResultsViewController.swift */,
			);
			path = General;
			sourceTree = "<group>";
		};
/* End PBXGroup section */

/* Begin PBXNativeTarget section */
		2E2CBC482907ED91008A8204 /* Netflix_Clone */ = {
			isa = PBXNativeTarget;
			buildConfigurationList = 2E2CBC5D2907ED93008A8204 /* Build configuration list for PBXNativeTarget "Netflix_Clone" */;
			buildPhases = (
				2E2CBC452907ED91008A8204 /* Sources */,
				2E2CBC462907ED91008A8204 /* Frameworks */,
				2E2CBC472907ED91008A8204 /* Resources */,
			);
			buildRules = (
			);
			dependencies = (
			);
			name = Netflix_Clone;
			packageProductDependencies = (
				2ED1C8D22909235C00409751 /* SDWebImage */,
				2ED1C8D42909235C00409751 /* SDWebImageMapKit */,
			);
			productName = Netflix_Clone;
			productReference = 2E2CBC492907ED91008A8204 /* Netflix_Clone.app */;
			productType = "com.apple.product-type.application";
		};
/* End PBXNativeTarget section */

/* Begin PBXProject section */
		2E2CBC412907ED91008A8204 /* Project object */ = {
			isa = PBXProject;
			attributes = {
				BuildIndependentTargetsInParallel = 1;
				LastSwiftUpdateCheck = 1400;
				LastUpgradeCheck = 1400;
				TargetAttributes = {
					2E2CBC482907ED91008A8204 = {
						CreatedOnToolsVersion = 14.0.1;
					};
				};
			};
			buildConfigurationList = 2E2CBC442907ED91008A8204 /* Build configuration list for PBXProject "Netflix_Clone" */;
			compatibilityVersion = "Xcode 14.0";
			developmentRegion = en;
			hasScannedForEncodings = 0;
			knownRegions = (
				en,
				Base,
			);
			mainGroup = 2E2CBC402907ED91008A8204;
			packageReferences = (
				2ED1C8D12909235C00409751 /* XCRemoteSwiftPackageReference "SDWebImage" */,
			);
			productRefGroup = 2E2CBC4A2907ED91008A8204 /* Products */;
			projectDirPath = "";
			projectRoot = "";
			targets = (
				2E2CBC482907ED91008A8204 /* Netflix_Clone */,
			);
		};
/* End PBXProject section */

/* Begin PBXResourcesBuildPhase section */
		2E2CBC472907ED91008A8204 /* Resources */ = {
			isa = PBXResourcesBuildPhase;
			buildActionMask = 2147483647;
			files = (
				2E2CBC592907ED93008A8204 /* LaunchScreen.storyboard in Resources */,
				2E2CBC562907ED93008A8204 /* Assets.xcassets in Resources */,
			);
			runOnlyForDeploymentPostprocessing = 0;
		};
/* End PBXResourcesBuildPhase section */

/* Begin PBXSourcesBuildPhase section */
		2E2CBC452907ED91008A8204 /* Sources */ = {
			isa = PBXSourcesBuildPhase;
			buildActionMask = 2147483647;
			files = (
				2E2CBC6E2907F14E008A8204 /* SearchViewController.swift in Sources */,
				2EE4C6422908371000998BC8 /* String.swift in Sources */,
				2EADBE9E290816A00071CD53 /* UIImage.swift in Sources */,
				2E647C78291148A8008D35DB /* YoutubeSearchResponse.swift in Sources */,
				2E2CBC682907F0B7008A8204 /* MainTabBarViewController.swift in Sources */,
				2ED1C8D029091FBE00409751 /* ShowCollectionViewCell.swift in Sources */,
				2EB048792908640A007C4C5F /* Show.swift in Sources */,
				2E0D00762907F8B30028A4EE /* CollectionViewTableViewCell.swift in Sources */,
				2E647C7429112E9B008D35DB /* SearchResultsViewController.swift in Sources */,
				2E0D00782908018D0028A4EE /* HeroHeaderUIView.swift in Sources */,
				2E647C702911177A008D35DB /* TitleTableViewCell.swift in Sources */,
				2E2CBC702907F16B008A8204 /* DownloadsViewController.swift in Sources */,
				2E2CBC4D2907ED91008A8204 /* AppDelegate.swift in Sources */,
				2E2CBC4F2907ED91008A8204 /* SceneDelegate.swift in Sources */,
				2EADBEA029082CD20071CD53 /* APICaller.swift in Sources */,
				2EB0487529085E8B007C4C5F /* Constants.swift in Sources */,
				2E2CBC6C2907F133008A8204 /* UpcomingViewController.swift in Sources */,
				2E647C7229111A8D008D35DB /* ShowViewModel.swift in Sources */,
				2E2CBC6A2907F120008A8204 /* HomeViewController.swift in Sources */,
			);
			runOnlyForDeploymentPostprocessing = 0;
		};
/* End PBXSourcesBuildPhase section */

/* Begin PBXVariantGroup section */
		2E2CBC572907ED93008A8204 /* LaunchScreen.storyboard */ = {
			isa = PBXVariantGroup;
			children = (
				2E2CBC582907ED93008A8204 /* Base */,
			);
			name = LaunchScreen.storyboard;
			sourceTree = "<group>";
		};
/* End PBXVariantGroup section */

/* Begin XCBuildConfiguration section */
		2E2CBC5B2907ED93008A8204 /* Debug */ = {
			isa = XCBuildConfiguration;
			buildSettings = {
				ALWAYS_SEARCH_USER_PATHS = NO;
				CLANG_ANALYZER_NONNULL = YES;
				CLANG_ANALYZER_NUMBER_OBJECT_CONVERSION = YES_AGGRESSIVE;
				CLANG_CXX_LANGUAGE_STANDARD = "gnu++20";
				CLANG_ENABLE_MODULES = YES;
				CLANG_ENABLE_OBJC_ARC = YES;
				CLANG_ENABLE_OBJC_WEAK = YES;
				CLANG_WARN_BLOCK_CAPTURE_AUTORELEASING = YES;
				CLANG_WARN_BOOL_CONVERSION = YES;
				CLANG_WARN_COMMA = YES;
				CLANG_WARN_CONSTANT_CONVERSION = YES;
				CLANG_WARN_DEPRECATED_OBJC_IMPLEMENTATIONS = YES;
				CLANG_WARN_DIRECT_OBJC_ISA_USAGE = YES_ERROR;
				CLANG_WARN_DOCUMENTATION_COMMENTS = YES;
				CLANG_WARN_EMPTY_BODY = YES;
				CLANG_WARN_ENUM_CONVERSION = YES;
				CLANG_WARN_INFINITE_RECURSION = YES;
				CLANG_WARN_INT_CONVERSION = YES;
				CLANG_WARN_NON_LITERAL_NULL_CONVERSION = YES;
				CLANG_WARN_OBJC_IMPLICIT_RETAIN_SELF = YES;
				CLANG_WARN_OBJC_LITERAL_CONVERSION = YES;
				CLANG_WARN_OBJC_ROOT_CLASS = YES_ERROR;
				CLANG_WARN_QUOTED_INCLUDE_IN_FRAMEWORK_HEADER = YES;
				CLANG_WARN_RANGE_LOOP_ANALYSIS = YES;
				CLANG_WARN_STRICT_PROTOTYPES = YES;
				CLANG_WARN_SUSPICIOUS_MOVE = YES;
				CLANG_WARN_UNGUARDED_AVAILABILITY = YES_AGGRESSIVE;
				CLANG_WARN_UNREACHABLE_CODE = YES;
				CLANG_WARN__DUPLICATE_METHOD_MATCH = YES;
				COPY_PHASE_STRIP = NO;
				DEBUG_INFORMATION_FORMAT = dwarf;
				ENABLE_STRICT_OBJC_MSGSEND = YES;
				ENABLE_TESTABILITY = YES;
				GCC_C_LANGUAGE_STANDARD = gnu11;
				GCC_DYNAMIC_NO_PIC = NO;
				GCC_NO_COMMON_BLOCKS = YES;
				GCC_OPTIMIZATION_LEVEL = 0;
				GCC_PREPROCESSOR_DEFINITIONS = (
					"DEBUG=1",
					"$(inherited)",
				);
				GCC_WARN_64_TO_32_BIT_CONVERSION = YES;
				GCC_WARN_ABOUT_RETURN_TYPE = YES_ERROR;
				GCC_WARN_UNDECLARED_SELECTOR = YES;
				GCC_WARN_UNINITIALIZED_AUTOS = YES_AGGRESSIVE;
				GCC_WARN_UNUSED_FUNCTION = YES;
				GCC_WARN_UNUSED_VARIABLE = YES;
				IPHONEOS_DEPLOYMENT_TARGET = 16.0;
				MTL_ENABLE_DEBUG_INFO = INCLUDE_SOURCE;
				MTL_FAST_MATH = YES;
				ONLY_ACTIVE_ARCH = YES;
				SDKROOT = iphoneos;
				SWIFT_ACTIVE_COMPILATION_CONDITIONS = DEBUG;
				SWIFT_OPTIMIZATION_LEVEL = "-Onone";
			};
			name = Debug;
		};
		2E2CBC5C2907ED93008A8204 /* Release */ = {
			isa = XCBuildConfiguration;
			buildSettings = {
				ALWAYS_SEARCH_USER_PATHS = NO;
				CLANG_ANALYZER_NONNULL = YES;
				CLANG_ANALYZER_NUMBER_OBJECT_CONVERSION = YES_AGGRESSIVE;
				CLANG_CXX_LANGUAGE_STANDARD = "gnu++20";
				CLANG_ENABLE_MODULES = YES;
				CLANG_ENABLE_OBJC_ARC = YES;
				CLANG_ENABLE_OBJC_WEAK = YES;
				CLANG_WARN_BLOCK_CAPTURE_AUTORELEASING = YES;
				CLANG_WARN_BOOL_CONVERSION = YES;
				CLANG_WARN_COMMA = YES;
				CLANG_WARN_CONSTANT_CONVERSION = YES;
				CLANG_WARN_DEPRECATED_OBJC_IMPLEMENTATIONS = YES;
				CLANG_WARN_DIRECT_OBJC_ISA_USAGE = YES_ERROR;
				CLANG_WARN_DOCUMENTATION_COMMENTS = YES;
				CLANG_WARN_EMPTY_BODY = YES;
				CLANG_WARN_ENUM_CONVERSION = YES;
				CLANG_WARN_INFINITE_RECURSION = YES;
				CLANG_WARN_INT_CONVERSION = YES;
				CLANG_WARN_NON_LITERAL_NULL_CONVERSION = YES;
				CLANG_WARN_OBJC_IMPLICIT_RETAIN_SELF = YES;
				CLANG_WARN_OBJC_LITERAL_CONVERSION = YES;
				CLANG_WARN_OBJC_ROOT_CLASS = YES_ERROR;
				CLANG_WARN_QUOTED_INCLUDE_IN_FRAMEWORK_HEADER = YES;
				CLANG_WARN_RANGE_LOOP_ANALYSIS = YES;
				CLANG_WARN_STRICT_PROTOTYPES = YES;
				CLANG_WARN_SUSPICIOUS_MOVE = YES;
				CLANG_WARN_UNGUARDED_AVAILABILITY = YES_AGGRESSIVE;
				CLANG_WARN_UNREACHABLE_CODE = YES;
				CLANG_WARN__DUPLICATE_METHOD_MATCH = YES;
				COPY_PHASE_STRIP = NO;
				DEBUG_INFORMATION_FORMAT = "dwarf-with-dsym";
				ENABLE_NS_ASSERTIONS = NO;
				ENABLE_STRICT_OBJC_MSGSEND = YES;
				GCC_C_LANGUAGE_STANDARD = gnu11;
				GCC_NO_COMMON_BLOCKS = YES;
				GCC_WARN_64_TO_32_BIT_CONVERSION = YES;
				GCC_WARN_ABOUT_RETURN_TYPE = YES_ERROR;
				GCC_WARN_UNDECLARED_SELECTOR = YES;
				GCC_WARN_UNINITIALIZED_AUTOS = YES_AGGRESSIVE;
				GCC_WARN_UNUSED_FUNCTION = YES;
				GCC_WARN_UNUSED_VARIABLE = YES;
				IPHONEOS_DEPLOYMENT_TARGET = 16.0;
				MTL_ENABLE_DEBUG_INFO = NO;
				MTL_FAST_MATH = YES;
				SDKROOT = iphoneos;
				SWIFT_COMPILATION_MODE = wholemodule;
				SWIFT_OPTIMIZATION_LEVEL = "-O";
				VALIDATE_PRODUCT = YES;
			};
			name = Release;
		};
		2E2CBC5E2907ED93008A8204 /* Debug */ = {
			isa = XCBuildConfiguration;
			buildSettings = {
				ASSETCATALOG_COMPILER_APPICON_NAME = AppIcon;
				ASSETCATALOG_COMPILER_GLOBAL_ACCENT_COLOR_NAME = AccentColor;
				CODE_SIGN_STYLE = Automatic;
				CURRENT_PROJECT_VERSION = 1;
				DEVELOPMENT_TEAM = FSYW7H5XB9;
				GENERATE_INFOPLIST_FILE = YES;
				INFOPLIST_FILE = Netflix_Clone/Info.plist;
				INFOPLIST_KEY_UIApplicationSupportsIndirectInputEvents = YES;
				INFOPLIST_KEY_UILaunchStoryboardName = LaunchScreen;
				INFOPLIST_KEY_UIMainStoryboardFile = "";
				INFOPLIST_KEY_UISupportedInterfaceOrientations_iPad = "UIInterfaceOrientationPortrait UIInterfaceOrientationPortraitUpsideDown UIInterfaceOrientationLandscapeLeft UIInterfaceOrientationLandscapeRight";
				INFOPLIST_KEY_UISupportedInterfaceOrientations_iPhone = "UIInterfaceOrientationPortrait UIInterfaceOrientationLandscapeLeft UIInterfaceOrientationLandscapeRight";
				LD_RUNPATH_SEARCH_PATHS = (
					"$(inherited)",
					"@executable_path/Frameworks",
				);
				MARKETING_VERSION = 1.0;
				PRODUCT_BUNDLE_IDENTIFIER = "com.my-netflix-clone.Netflix-Clone";
				PRODUCT_NAME = "$(TARGET_NAME)";
				SWIFT_EMIT_LOC_STRINGS = YES;
				SWIFT_VERSION = 5.0;
				TARGETED_DEVICE_FAMILY = "1,2";
			};
			name = Debug;
		};
		2E2CBC5F2907ED93008A8204 /* Release */ = {
			isa = XCBuildConfiguration;
			buildSettings = {
				ASSETCATALOG_COMPILER_APPICON_NAME = AppIcon;
				ASSETCATALOG_COMPILER_GLOBAL_ACCENT_COLOR_NAME = AccentColor;
				CODE_SIGN_STYLE = Automatic;
				CURRENT_PROJECT_VERSION = 1;
				DEVELOPMENT_TEAM = FSYW7H5XB9;
				GENERATE_INFOPLIST_FILE = YES;
				INFOPLIST_FILE = Netflix_Clone/Info.plist;
				INFOPLIST_KEY_UIApplicationSupportsIndirectInputEvents = YES;
				INFOPLIST_KEY_UILaunchStoryboardName = LaunchScreen;
				INFOPLIST_KEY_UIMainStoryboardFile = "";
				INFOPLIST_KEY_UISupportedInterfaceOrientations_iPad = "UIInterfaceOrientationPortrait UIInterfaceOrientationPortraitUpsideDown UIInterfaceOrientationLandscapeLeft UIInterfaceOrientationLandscapeRight";
				INFOPLIST_KEY_UISupportedInterfaceOrientations_iPhone = "UIInterfaceOrientationPortrait UIInterfaceOrientationLandscapeLeft UIInterfaceOrientationLandscapeRight";
				LD_RUNPATH_SEARCH_PATHS = (
					"$(inherited)",
					"@executable_path/Frameworks",
				);
				MARKETING_VERSION = 1.0;
				PRODUCT_BUNDLE_IDENTIFIER = "com.my-netflix-clone.Netflix-Clone";
				PRODUCT_NAME = "$(TARGET_NAME)";
				SWIFT_EMIT_LOC_STRINGS = YES;
				SWIFT_VERSION = 5.0;
				TARGETED_DEVICE_FAMILY = "1,2";
			};
			name = Release;
		};
/* End XCBuildConfiguration section */

/* Begin XCConfigurationList section */
		2E2CBC442907ED91008A8204 /* Build configuration list for PBXProject "Netflix_Clone" */ = {
			isa = XCConfigurationList;
			buildConfigurations = (
				2E2CBC5B2907ED93008A8204 /* Debug */,
				2E2CBC5C2907ED93008A8204 /* Release */,
			);
			defaultConfigurationIsVisible = 0;
			defaultConfigurationName = Release;
		};
		2E2CBC5D2907ED93008A8204 /* Build configuration list for PBXNativeTarget "Netflix_Clone" */ = {
			isa = XCConfigurationList;
			buildConfigurations = (
				2E2CBC5E2907ED93008A8204 /* Debug */,
				2E2CBC5F2907ED93008A8204 /* Release */,
			);
			defaultConfigurationIsVisible = 0;
			defaultConfigurationName = Release;
		};
/* End XCConfigurationList section */

/* Begin XCRemoteSwiftPackageReference section */
		2ED1C8D12909235C00409751 /* XCRemoteSwiftPackageReference "SDWebImage" */ = {
			isa = XCRemoteSwiftPackageReference;
			repositoryURL = "https://github.com/SDWebImage/SDWebImage";
			requirement = {
				kind = upToNextMajorVersion;
				minimumVersion = 5.0.0;
			};
		};
/* End XCRemoteSwiftPackageReference section */

/* Begin XCSwiftPackageProductDependency section */
		2ED1C8D22909235C00409751 /* SDWebImage */ = {
			isa = XCSwiftPackageProductDependency;
			package = 2ED1C8D12909235C00409751 /* XCRemoteSwiftPackageReference "SDWebImage" */;
			productName = SDWebImage;
		};
		2ED1C8D42909235C00409751 /* SDWebImageMapKit */ = {
			isa = XCSwiftPackageProductDependency;
			package = 2ED1C8D12909235C00409751 /* XCRemoteSwiftPackageReference "SDWebImage" */;
			productName = SDWebImageMapKit;
		};
/* End XCSwiftPackageProductDependency section */
	};
	rootObject = 2E2CBC412907ED91008A8204 /* Project object */;
}
